
Microsoft Visual Studio Solution File, Format Version 12.00
# Visual Studio Version 16
VisualStudioVersion = 16.0.30225.117
MinimumVisualStudioVersion = 10.0.40219.1
Project("{9A19103F-16F7-4668-BE54-9A1E7A4F7556}") = "DelayedEventManager", "DelayedEventManager.csproj", "{54BB0BD5-1521-4D4E-9B2C-57B898011D4F}"
EndProject
Global
	GlobalSection(SolutionConfigurationPlatforms) = preSolution
		Debug|Any CPU = Debug|Any CPU
		Release|Any CPU = Release|Any CPU
	EndGlobalSection
	GlobalSection(ProjectConfigurationPlatforms) = postSolution
		{54BB0BD5-1521-4D4E-9B2C-57B898011D4F}.Debug|Any CPU.ActiveCfg = Debug|Any CPU
		{54BB0BD5-1521-4D4E-9B2C-57B898011D4F}.Debug|Any CPU.Build.0 = Debug|Any CPU
		{54BB0BD5-1521-4D4E-9B2C-57B898011D4F}.Release|Any CPU.ActiveCfg = Release|Any CPU
		{54BB0BD5-1521-4D4E-9B2C-57B898011D4F}.Release|Any CPU.Build.0 = Release|Any CPU
	EndGlobalSection
	GlobalSection(SolutionProperties) = preSolution
		HideSolutionNode = FALSE
	EndGlobalSection
	GlobalSection(ExtensibilityGlobals) = postSolution
		SolutionGuid = {1B0DD131-BFDC-4245-A0AF-06556C2C8F54}
	EndGlobalSection
EndGlobal
